
Microsoft Visual Studio Solution File, Format Version 12.00
# Visual Studio Version 17
VisualStudioVersion = 17.7.34018.315
MinimumVisualStudioVersion = 10.0.40219.1
Project("{FAE04EC0-301F-11D3-BF4B-00C04F79EFBC}") = "MoneyExtension", "MoneyExtension\MoneyExtension.csproj", "{382B47CC-EC56-4290-9DAB-7AD6DEAC26BF}"
EndProject
Project("{FAE04EC0-301F-11D3-BF4B-00C04F79EFBC}") = "MoneyExtension.Tests", "MoneyExtension.Tests\MoneyExtension.Tests.csproj", "{D8D404EA-BBB3-4370-ACAF-0B73E630231E}"
EndProject
Global
	GlobalSection(SolutionConfigurationPlatforms) = preSolution
		Debug|Any CPU = Debug|Any CPU
		Release|Any CPU = Release|Any CPU
	EndGlobalSection
	GlobalSection(ProjectConfigurationPlatforms) = postSolution
		{382B47CC-EC56-4290-9DAB-7AD6DEAC26BF}.Debug|Any CPU.ActiveCfg = Debug|Any CPU
		{382B47CC-EC56-4290-9DAB-7AD6DEAC26BF}.Debug|Any CPU.Build.0 = Debug|Any CPU
		{382B47CC-EC56-4290-9DAB-7AD6DEAC26BF}.Release|Any CPU.ActiveCfg = Release|Any CPU
		{382B47CC-EC56-4290-9DAB-7AD6DEAC26BF}.Release|Any CPU.Build.0 = Release|Any CPU
		{D8D404EA-BBB3-4370-ACAF-0B73E630231E}.Debug|Any CPU.ActiveCfg = Debug|Any CPU
		{D8D404EA-BBB3-4370-ACAF-0B73E630231E}.Debug|Any CPU.Build.0 = Debug|Any CPU
		{D8D404EA-BBB3-4370-ACAF-0B73E630231E}.Release|Any CPU.ActiveCfg = Release|Any CPU
		{D8D404EA-BBB3-4370-ACAF-0B73E630231E}.Release|Any CPU.Build.0 = Release|Any CPU
	EndGlobalSection
	GlobalSection(SolutionProperties) = preSolution
		HideSolutionNode = FALSE
	EndGlobalSection
	GlobalSection(ExtensibilityGlobals) = postSolution
		SolutionGuid = {32959BD9-3D9C-43FC-BE26-7D2934FA7AB6}
	EndGlobalSection
EndGlobal
